
Microsoft Visual Studio Solution File, Format Version 12.00
# Visual Studio 2012
Project("{8BC9CEB8-8B4A-11D0-8D11-00A0C91BC942}") = "Google", "Google\Google.vcxproj", "{66EA2798-B6E2-475B-B076-C6F5F1B94527}"
EndProject
Project("{8BC9CEB8-8B4A-11D0-8D11-00A0C91BC942}") = "disjoint_set", "disjoint_set\disjoint_set.vcxproj", "{E9B72D29-8451-4721-BD43-BE2A7CE3A268}"
EndProject
Global
	GlobalSection(SolutionConfigurationPlatforms) = preSolution
		Debug|Win32 = Debug|Win32
		Release|Win32 = Release|Win32
	EndGlobalSection
	GlobalSection(ProjectConfigurationPlatforms) = postSolution
		{66EA2798-B6E2-475B-B076-C6F5F1B94527}.Debug|Win32.ActiveCfg = Debug|Win32
		{66EA2798-B6E2-475B-B076-C6F5F1B94527}.Debug|Win32.Build.0 = Debug|Win32
		{66EA2798-B6E2-475B-B076-C6F5F1B94527}.Release|Win32.ActiveCfg = Release|Win32
		{66EA2798-B6E2-475B-B076-C6F5F1B94527}.Release|Win32.Build.0 = Release|Win32
		{E9B72D29-8451-4721-BD43-BE2A7CE3A268}.Debug|Win32.ActiveCfg = Debug|Win32
		{E9B72D29-8451-4721-BD43-BE2A7CE3A268}.Debug|Win32.Build.0 = Debug|Win32
		{E9B72D29-8451-4721-BD43-BE2A7CE3A268}.Release|Win32.ActiveCfg = Release|Win32
		{E9B72D29-8451-4721-BD43-BE2A7CE3A268}.Release|Win32.Build.0 = Release|Win32
	EndGlobalSection
	GlobalSection(SolutionProperties) = preSolution
		HideSolutionNode = FALSE
	EndGlobalSection
EndGlobal
