
Microsoft Visual Studio Solution File, Format Version 12.00
# Visual Studio 2012
Project("{8BC9CEB8-8B4A-11D0-8D11-00A0C91BC942}") = "Test control", "Test control\Test control.vcxproj", "{0DD75D9D-673C-4B14-A845-9BE3B821B117}"
EndProject
Global
	GlobalSection(SolutionConfigurationPlatforms) = preSolution
		Debug|Win32 = Debug|Win32
		Release|Win32 = Release|Win32
	EndGlobalSection
	GlobalSection(ProjectConfigurationPlatforms) = postSolution
		{0DD75D9D-673C-4B14-A845-9BE3B821B117}.Debug|Win32.ActiveCfg = Debug|Win32
		{0DD75D9D-673C-4B14-A845-9BE3B821B117}.Debug|Win32.Build.0 = Debug|Win32
		{0DD75D9D-673C-4B14-A845-9BE3B821B117}.Release|Win32.ActiveCfg = Release|Win32
		{0DD75D9D-673C-4B14-A845-9BE3B821B117}.Release|Win32.Build.0 = Release|Win32
	EndGlobalSection
	GlobalSection(SolutionProperties) = preSolution
		HideSolutionNode = FALSE
	EndGlobalSection
EndGlobal
